
Microsoft Visual Studio Solution File, Format Version 12.00
# Visual Studio Version 17
VisualStudioVersion = 17.5.33516.290
MinimumVisualStudioVersion = 10.0.40219.1
Project("{FAE04EC0-301F-11D3-BF4B-00C04F79EFBC}") = "Ejemplo0", "Ejemplo0\Ejemplo0.csproj", "{2FB03684-5D4E-4EA4-B3BF-566C0380E29C}"
EndProject
Global
	GlobalSection(SolutionConfigurationPlatforms) = preSolution
		Debug|Any CPU = Debug|Any CPU
		Release|Any CPU = Release|Any CPU
	EndGlobalSection
	GlobalSection(ProjectConfigurationPlatforms) = postSolution
		{2FB03684-5D4E-4EA4-B3BF-566C0380E29C}.Debug|Any CPU.ActiveCfg = Debug|Any CPU
		{2FB03684-5D4E-4EA4-B3BF-566C0380E29C}.Debug|Any CPU.Build.0 = Debug|Any CPU
		{2FB03684-5D4E-4EA4-B3BF-566C0380E29C}.Release|Any CPU.ActiveCfg = Release|Any CPU
		{2FB03684-5D4E-4EA4-B3BF-566C0380E29C}.Release|Any CPU.Build.0 = Release|Any CPU
	EndGlobalSection
	GlobalSection(SolutionProperties) = preSolution
		HideSolutionNode = FALSE
	EndGlobalSection
	GlobalSection(ExtensibilityGlobals) = postSolution
		SolutionGuid = {F02909CD-2A9B-498A-88A9-A50B6E33E54A}
	EndGlobalSection
EndGlobal
